github.com/codinginteams/simple-go-ssg v0.0.0-20241201192429-7b031c8b7a86 h1:S9CLUPa0t0dF96oDK5edvJU71y0Ox/0g5g57Pi52F2o=
github.com/codinginteams/simple-go-ssg v0.0.0-20241201192429-7b031c8b7a86/go.mod h1:FOPiyAzfHG5F/Z7hT0PXGBlkE1VsauLJWBTGvmvfNDU=
github.com/codinginteams/simple-go-ssg v0.1.0 h1:clvYqNY20C4s+E4Dlog2SwDlrsyUH0pPxwyB64Na0/4=
github.com/codinginteams/simple-go-ssg v0.1.0/go.mod h1:+gD66oCJ0yyIVtb5BjbVvRjrr/FcTetVxaNRuat/F74=
