github.com/codinginteams/simple-go-ssg v0.2.0 h1:Swh0lJ2yJDOGphpToCeF0r3kMgl34qE4YoxgqekFjeE=
github.com/codinginteams/simple-go-ssg v0.2.0/go.mod h1:+gD66oCJ0yyIVtb5BjbVvRjrr/FcTetVxaNRuat/F74=
github.com/codinginteams/simple-go-ssg v0.2.1 h1:uiNtg4tno7OYlAjgIvlbbXZky8TMRN1Z7l/Z+jv+BRQ=
github.com/codinginteams/simple-go-ssg v0.2.1/go.mod h1:+gD66oCJ0yyIVtb5BjbVvRjrr/FcTetVxaNRuat/F74=
